
Microsoft Visual Studio Solution File, Format Version 12.00
# Visual Studio 14
VisualStudioVersion = 14.0.24720.0
MinimumVisualStudioVersion = 10.0.40219.1
Project("{FAE04EC0-301F-11D3-BF4B-00C04F79EFBC}") = "item's prooerty inside the foreach lope can be modified", "MixyTry\item's prooerty inside the foreach lope can be modified.csproj", "{5CA9F06A-8999-42E8-A673-F212D6BC529B}"
EndProject
Project("{2150E333-8FDC-42A3-9474-1A3956D46DE8}") = "01", "01", "{B4B16742-8BAA-49CA-ACD8-4262B2B4B969}"
EndProject
Project("{FAE04EC0-301F-11D3-BF4B-00C04F79EFBC}") = "web test123", "web test123\web test123.csproj", "{F3EFA9FF-EA31-49CF-BEAB-04F4A4F07FF4}"
EndProject
Project("{FAE04EC0-301F-11D3-BF4B-00C04F79EFBC}") = "sycn", "sycn\sycn.csproj", "{6563AE6A-C292-4753-A4B3-A99B77B951E9}"
EndProject
Project("{FAE04EC0-301F-11D3-BF4B-00C04F79EFBC}") = "uploadfile", "uploadfile\uploadfile.csproj", "{4D2E70B2-D25D-4E9C-AC4C-ED81CEE8C6D3}"
EndProject
Project("{FAE04EC0-301F-11D3-BF4B-00C04F79EFBC}") = "RetrieveIPAddressService", "RetrieveIPAddressService\RetrieveIPAddressService.csproj", "{B08620D5-F4A2-4899-9CB1-38AEE2A8F2BA}"
EndProject
Project("{FAE04EC0-301F-11D3-BF4B-00C04F79EFBC}") = "ListNull", "ListNull\ListNull.csproj", "{0686428A-4ED0-4435-A330-5756DEE1987D}"
EndProject
Project("{FAE04EC0-301F-11D3-BF4B-00C04F79EFBC}") = "ErrorTest", "ErrorTest\ErrorTest.csproj", "{52673027-7DD4-4C29-993D-BFA24360137A}"
EndProject
Project("{FAE04EC0-301F-11D3-BF4B-00C04F79EFBC}") = "IntNull", "IntNull\IntNull.csproj", "{C7F6A262-4E63-4AD6-AA04-8E5DFA04C514}"
EndProject
Project("{FAE04EC0-301F-11D3-BF4B-00C04F79EFBC}") = "HashSetTest", "HashSetTest\HashSetTest.csproj", "{E9C3B09E-FFC5-4868-9C67-78B0CD2C5683}"
EndProject
Project("{FAE04EC0-301F-11D3-BF4B-00C04F79EFBC}") = "ShuffleList", "ShuffleList\ShuffleList.csproj", "{C5F3C486-553E-4187-8535-857A3DFE5EC1}"
EndProject
Project("{FAE04EC0-301F-11D3-BF4B-00C04F79EFBC}") = "ExpressionTrees", "ExpressionTrees\ExpressionTrees.csproj", "{B47C4B51-1DD8-4FAA-8651-568512542DA1}"
EndProject
Project("{2150E333-8FDC-42A3-9474-1A3956D46DE8}") = "201607", "201607", "{9C2BFEB0-7F8D-49CC-BBBF-0BF700ABF0F0}"
EndProject
Project("{FAE04EC0-301F-11D3-BF4B-00C04F79EFBC}") = "Transaction", "Transaction\Transaction.csproj", "{795F4500-3F4D-4FDA-B65E-5F7A24BEB20E}"
EndProject
Project("{FAE04EC0-301F-11D3-BF4B-00C04F79EFBC}") = "MyTypeScript", "MyTypeScript\MyTypeScript.csproj", "{F7F15835-0474-46A8-AF6E-1E43D82AEC37}"
EndProject
Project("{FAE04EC0-301F-11D3-BF4B-00C04F79EFBC}") = "TypeScriptHTMLApp1", "TypeScriptHTMLApp1\TypeScriptHTMLApp1.csproj", "{6B541CAF-3248-4930-9C46-00B36BC33505}"
EndProject
Project("{2150E333-8FDC-42A3-9474-1A3956D46DE8}") = "Solution Items", "Solution Items", "{C2AF922D-68BC-4C91-A33F-FFB185EE201E}"
	ProjectSection(SolutionItems) = preProject
		WE-Palette.css = WE-Palette.css
		WebEssentials2015-Settings.json = WebEssentials2015-Settings.json
	EndProjectSection
EndProject
Project("{FAE04EC0-301F-11D3-BF4B-00C04F79EFBC}") = "SQLite", "SQLite\SQLite.csproj", "{B2C0B984-3032-429E-973C-A76BAAE70D9E}"
EndProject
Project("{FAE04EC0-301F-11D3-BF4B-00C04F79EFBC}") = "Test123", "Test123\Test123.csproj", "{20A1E07E-8775-46D6-ACB3-0AF78D3E5BC2}"
EndProject
Project("{FAE04EC0-301F-11D3-BF4B-00C04F79EFBC}") = "IO_Byte_ReadWrite", "IO_Byte_ReadWrite\IO_Byte_ReadWrite.csproj", "{FC1A98A7-2B28-43A4-96CF-787D7ABAE18A}"
EndProject
Project("{2150E333-8FDC-42A3-9474-1A3956D46DE8}") = "201608", "201608", "{6BD35BDE-143A-497A-AF69-853478658A07}"
EndProject
Project("{FAE04EC0-301F-11D3-BF4B-00C04F79EFBC}") = "PredicateBuilder linq", "PredicateBuilder linq\PredicateBuilder linq.csproj", "{72AAFCA9-28D8-4158-9ED2-7C0A1008D735}"
EndProject
Project("{FAE04EC0-301F-11D3-BF4B-00C04F79EFBC}") = "CodeCollection", "CodeCollection\CodeCollection.csproj", "{6AAF2179-12A6-4309-BCFE-1B28CFCEBA94}"
EndProject
Project("{FAE04EC0-301F-11D3-BF4B-00C04F79EFBC}") = "Work", "Work\Work.csproj", "{22FB131C-704C-4800-993D-E76EA1F23BFA}"
EndProject
Global
	GlobalSection(SolutionConfigurationPlatforms) = preSolution
		Debug|Any CPU = Debug|Any CPU
		Release|Any CPU = Release|Any CPU
	EndGlobalSection
	GlobalSection(ProjectConfigurationPlatforms) = postSolution
		{5CA9F06A-8999-42E8-A673-F212D6BC529B}.Debug|Any CPU.ActiveCfg = Debug|Any CPU
		{5CA9F06A-8999-42E8-A673-F212D6BC529B}.Debug|Any CPU.Build.0 = Debug|Any CPU
		{5CA9F06A-8999-42E8-A673-F212D6BC529B}.Release|Any CPU.ActiveCfg = Release|Any CPU
		{5CA9F06A-8999-42E8-A673-F212D6BC529B}.Release|Any CPU.Build.0 = Release|Any CPU
		{F3EFA9FF-EA31-49CF-BEAB-04F4A4F07FF4}.Debug|Any CPU.ActiveCfg = Debug|Any CPU
		{F3EFA9FF-EA31-49CF-BEAB-04F4A4F07FF4}.Debug|Any CPU.Build.0 = Debug|Any CPU
		{F3EFA9FF-EA31-49CF-BEAB-04F4A4F07FF4}.Release|Any CPU.ActiveCfg = Release|Any CPU
		{F3EFA9FF-EA31-49CF-BEAB-04F4A4F07FF4}.Release|Any CPU.Build.0 = Release|Any CPU
		{6563AE6A-C292-4753-A4B3-A99B77B951E9}.Debug|Any CPU.ActiveCfg = Debug|Any CPU
		{6563AE6A-C292-4753-A4B3-A99B77B951E9}.Debug|Any CPU.Build.0 = Debug|Any CPU
		{6563AE6A-C292-4753-A4B3-A99B77B951E9}.Release|Any CPU.ActiveCfg = Release|Any CPU
		{6563AE6A-C292-4753-A4B3-A99B77B951E9}.Release|Any CPU.Build.0 = Release|Any CPU
		{4D2E70B2-D25D-4E9C-AC4C-ED81CEE8C6D3}.Debug|Any CPU.ActiveCfg = Debug|Any CPU
		{4D2E70B2-D25D-4E9C-AC4C-ED81CEE8C6D3}.Debug|Any CPU.Build.0 = Debug|Any CPU
		{4D2E70B2-D25D-4E9C-AC4C-ED81CEE8C6D3}.Release|Any CPU.ActiveCfg = Release|Any CPU
		{4D2E70B2-D25D-4E9C-AC4C-ED81CEE8C6D3}.Release|Any CPU.Build.0 = Release|Any CPU
		{B08620D5-F4A2-4899-9CB1-38AEE2A8F2BA}.Debug|Any CPU.ActiveCfg = Debug|Any CPU
		{B08620D5-F4A2-4899-9CB1-38AEE2A8F2BA}.Debug|Any CPU.Build.0 = Debug|Any CPU
		{B08620D5-F4A2-4899-9CB1-38AEE2A8F2BA}.Release|Any CPU.ActiveCfg = Release|Any CPU
		{B08620D5-F4A2-4899-9CB1-38AEE2A8F2BA}.Release|Any CPU.Build.0 = Release|Any CPU
		{0686428A-4ED0-4435-A330-5756DEE1987D}.Debug|Any CPU.ActiveCfg = Debug|Any CPU
		{0686428A-4ED0-4435-A330-5756DEE1987D}.Debug|Any CPU.Build.0 = Debug|Any CPU
		{0686428A-4ED0-4435-A330-5756DEE1987D}.Release|Any CPU.ActiveCfg = Release|Any CPU
		{0686428A-4ED0-4435-A330-5756DEE1987D}.Release|Any CPU.Build.0 = Release|Any CPU
		{52673027-7DD4-4C29-993D-BFA24360137A}.Debug|Any CPU.ActiveCfg = Debug|Any CPU
		{52673027-7DD4-4C29-993D-BFA24360137A}.Debug|Any CPU.Build.0 = Debug|Any CPU
		{52673027-7DD4-4C29-993D-BFA24360137A}.Release|Any CPU.ActiveCfg = Release|Any CPU
		{52673027-7DD4-4C29-993D-BFA24360137A}.Release|Any CPU.Build.0 = Release|Any CPU
		{C7F6A262-4E63-4AD6-AA04-8E5DFA04C514}.Debug|Any CPU.ActiveCfg = Debug|Any CPU
		{C7F6A262-4E63-4AD6-AA04-8E5DFA04C514}.Debug|Any CPU.Build.0 = Debug|Any CPU
		{C7F6A262-4E63-4AD6-AA04-8E5DFA04C514}.Release|Any CPU.ActiveCfg = Release|Any CPU
		{C7F6A262-4E63-4AD6-AA04-8E5DFA04C514}.Release|Any CPU.Build.0 = Release|Any CPU
		{E9C3B09E-FFC5-4868-9C67-78B0CD2C5683}.Debug|Any CPU.ActiveCfg = Debug|Any CPU
		{E9C3B09E-FFC5-4868-9C67-78B0CD2C5683}.Debug|Any CPU.Build.0 = Debug|Any CPU
		{E9C3B09E-FFC5-4868-9C67-78B0CD2C5683}.Release|Any CPU.ActiveCfg = Release|Any CPU
		{E9C3B09E-FFC5-4868-9C67-78B0CD2C5683}.Release|Any CPU.Build.0 = Release|Any CPU
		{C5F3C486-553E-4187-8535-857A3DFE5EC1}.Debug|Any CPU.ActiveCfg = Debug|Any CPU
		{C5F3C486-553E-4187-8535-857A3DFE5EC1}.Debug|Any CPU.Build.0 = Debug|Any CPU
		{C5F3C486-553E-4187-8535-857A3DFE5EC1}.Release|Any CPU.ActiveCfg = Release|Any CPU
		{C5F3C486-553E-4187-8535-857A3DFE5EC1}.Release|Any CPU.Build.0 = Release|Any CPU
		{B47C4B51-1DD8-4FAA-8651-568512542DA1}.Debug|Any CPU.ActiveCfg = Debug|Any CPU
		{B47C4B51-1DD8-4FAA-8651-568512542DA1}.Debug|Any CPU.Build.0 = Debug|Any CPU
		{B47C4B51-1DD8-4FAA-8651-568512542DA1}.Release|Any CPU.ActiveCfg = Release|Any CPU
		{B47C4B51-1DD8-4FAA-8651-568512542DA1}.Release|Any CPU.Build.0 = Release|Any CPU
		{795F4500-3F4D-4FDA-B65E-5F7A24BEB20E}.Debug|Any CPU.ActiveCfg = Debug|Any CPU
		{795F4500-3F4D-4FDA-B65E-5F7A24BEB20E}.Debug|Any CPU.Build.0 = Debug|Any CPU
		{795F4500-3F4D-4FDA-B65E-5F7A24BEB20E}.Release|Any CPU.ActiveCfg = Release|Any CPU
		{795F4500-3F4D-4FDA-B65E-5F7A24BEB20E}.Release|Any CPU.Build.0 = Release|Any CPU
		{F7F15835-0474-46A8-AF6E-1E43D82AEC37}.Debug|Any CPU.ActiveCfg = Debug|Any CPU
		{F7F15835-0474-46A8-AF6E-1E43D82AEC37}.Debug|Any CPU.Build.0 = Debug|Any CPU
		{F7F15835-0474-46A8-AF6E-1E43D82AEC37}.Release|Any CPU.ActiveCfg = Release|Any CPU
		{F7F15835-0474-46A8-AF6E-1E43D82AEC37}.Release|Any CPU.Build.0 = Release|Any CPU
		{6B541CAF-3248-4930-9C46-00B36BC33505}.Debug|Any CPU.ActiveCfg = Debug|Any CPU
		{6B541CAF-3248-4930-9C46-00B36BC33505}.Debug|Any CPU.Build.0 = Debug|Any CPU
		{6B541CAF-3248-4930-9C46-00B36BC33505}.Release|Any CPU.ActiveCfg = Release|Any CPU
		{6B541CAF-3248-4930-9C46-00B36BC33505}.Release|Any CPU.Build.0 = Release|Any CPU
		{B2C0B984-3032-429E-973C-A76BAAE70D9E}.Debug|Any CPU.ActiveCfg = Debug|Any CPU
		{B2C0B984-3032-429E-973C-A76BAAE70D9E}.Debug|Any CPU.Build.0 = Debug|Any CPU
		{B2C0B984-3032-429E-973C-A76BAAE70D9E}.Release|Any CPU.ActiveCfg = Release|Any CPU
		{B2C0B984-3032-429E-973C-A76BAAE70D9E}.Release|Any CPU.Build.0 = Release|Any CPU
		{20A1E07E-8775-46D6-ACB3-0AF78D3E5BC2}.Debug|Any CPU.ActiveCfg = Debug|Any CPU
		{20A1E07E-8775-46D6-ACB3-0AF78D3E5BC2}.Debug|Any CPU.Build.0 = Debug|Any CPU
		{20A1E07E-8775-46D6-ACB3-0AF78D3E5BC2}.Release|Any CPU.ActiveCfg = Release|Any CPU
		{20A1E07E-8775-46D6-ACB3-0AF78D3E5BC2}.Release|Any CPU.Build.0 = Release|Any CPU
		{FC1A98A7-2B28-43A4-96CF-787D7ABAE18A}.Debug|Any CPU.ActiveCfg = Debug|Any CPU
		{FC1A98A7-2B28-43A4-96CF-787D7ABAE18A}.Debug|Any CPU.Build.0 = Debug|Any CPU
		{FC1A98A7-2B28-43A4-96CF-787D7ABAE18A}.Release|Any CPU.ActiveCfg = Release|Any CPU
		{FC1A98A7-2B28-43A4-96CF-787D7ABAE18A}.Release|Any CPU.Build.0 = Release|Any CPU
		{72AAFCA9-28D8-4158-9ED2-7C0A1008D735}.Debug|Any CPU.ActiveCfg = Debug|Any CPU
		{72AAFCA9-28D8-4158-9ED2-7C0A1008D735}.Debug|Any CPU.Build.0 = Debug|Any CPU
		{72AAFCA9-28D8-4158-9ED2-7C0A1008D735}.Release|Any CPU.ActiveCfg = Release|Any CPU
		{72AAFCA9-28D8-4158-9ED2-7C0A1008D735}.Release|Any CPU.Build.0 = Release|Any CPU
		{6AAF2179-12A6-4309-BCFE-1B28CFCEBA94}.Debug|Any CPU.ActiveCfg = Debug|Any CPU
		{6AAF2179-12A6-4309-BCFE-1B28CFCEBA94}.Debug|Any CPU.Build.0 = Debug|Any CPU
		{6AAF2179-12A6-4309-BCFE-1B28CFCEBA94}.Release|Any CPU.ActiveCfg = Release|Any CPU
		{6AAF2179-12A6-4309-BCFE-1B28CFCEBA94}.Release|Any CPU.Build.0 = Release|Any CPU
		{22FB131C-704C-4800-993D-E76EA1F23BFA}.Debug|Any CPU.ActiveCfg = Debug|Any CPU
		{22FB131C-704C-4800-993D-E76EA1F23BFA}.Debug|Any CPU.Build.0 = Debug|Any CPU
		{22FB131C-704C-4800-993D-E76EA1F23BFA}.Release|Any CPU.ActiveCfg = Release|Any CPU
		{22FB131C-704C-4800-993D-E76EA1F23BFA}.Release|Any CPU.Build.0 = Release|Any CPU
	EndGlobalSection
	GlobalSection(SolutionProperties) = preSolution
		HideSolutionNode = FALSE
	EndGlobalSection
	GlobalSection(NestedProjects) = preSolution
		{5CA9F06A-8999-42E8-A673-F212D6BC529B} = {B4B16742-8BAA-49CA-ACD8-4262B2B4B969}
		{F3EFA9FF-EA31-49CF-BEAB-04F4A4F07FF4} = {B4B16742-8BAA-49CA-ACD8-4262B2B4B969}
		{6563AE6A-C292-4753-A4B3-A99B77B951E9} = {B4B16742-8BAA-49CA-ACD8-4262B2B4B969}
		{4D2E70B2-D25D-4E9C-AC4C-ED81CEE8C6D3} = {B4B16742-8BAA-49CA-ACD8-4262B2B4B969}
		{B08620D5-F4A2-4899-9CB1-38AEE2A8F2BA} = {B4B16742-8BAA-49CA-ACD8-4262B2B4B969}
		{0686428A-4ED0-4435-A330-5756DEE1987D} = {B4B16742-8BAA-49CA-ACD8-4262B2B4B969}
		{52673027-7DD4-4C29-993D-BFA24360137A} = {B4B16742-8BAA-49CA-ACD8-4262B2B4B969}
		{C7F6A262-4E63-4AD6-AA04-8E5DFA04C514} = {B4B16742-8BAA-49CA-ACD8-4262B2B4B969}
		{E9C3B09E-FFC5-4868-9C67-78B0CD2C5683} = {B4B16742-8BAA-49CA-ACD8-4262B2B4B969}
		{C5F3C486-553E-4187-8535-857A3DFE5EC1} = {B4B16742-8BAA-49CA-ACD8-4262B2B4B969}
		{B47C4B51-1DD8-4FAA-8651-568512542DA1} = {9C2BFEB0-7F8D-49CC-BBBF-0BF700ABF0F0}
		{795F4500-3F4D-4FDA-B65E-5F7A24BEB20E} = {9C2BFEB0-7F8D-49CC-BBBF-0BF700ABF0F0}
		{F7F15835-0474-46A8-AF6E-1E43D82AEC37} = {9C2BFEB0-7F8D-49CC-BBBF-0BF700ABF0F0}
		{6B541CAF-3248-4930-9C46-00B36BC33505} = {9C2BFEB0-7F8D-49CC-BBBF-0BF700ABF0F0}
		{B2C0B984-3032-429E-973C-A76BAAE70D9E} = {9C2BFEB0-7F8D-49CC-BBBF-0BF700ABF0F0}
		{20A1E07E-8775-46D6-ACB3-0AF78D3E5BC2} = {B4B16742-8BAA-49CA-ACD8-4262B2B4B969}
		{FC1A98A7-2B28-43A4-96CF-787D7ABAE18A} = {9C2BFEB0-7F8D-49CC-BBBF-0BF700ABF0F0}
		{72AAFCA9-28D8-4158-9ED2-7C0A1008D735} = {6BD35BDE-143A-497A-AF69-853478658A07}
	EndGlobalSection
EndGlobal
